{
  "name": "nak_smallsha",
  "version": "1.0.2",
  "lockfileVersion": 1,
  "requires": true,
  "dependencies": {
    "flexible.js": {
      "version": "2.0.19",
      "resolved": "https://registry.npmjs.org/flexible.js/-/flexible.js-2.0.19.tgz",
      "integrity": "sha512-kr0mKXVU8ztacD6S4328PplSCCAGKv26a59CBDbzldsvBGZxjlMMVhBLP3VvvzTu+4UaW0u+6Ac3dHs4r8DVJA=="
    },
    "normalize.css": {
      "version": "8.0.1",
      "resolved": "https://registry.npmjs.org/normalize.css/-/normalize.css-8.0.1.tgz",
      "integrity": "sha512-qizSNPO93t1YUuUhP22btGOo3chcvDFqFaj2TRybP0DMxkHOCTYwp3n34fel4a31ORXy4m1Xq0Gyqpb5m33qIg=="
    }
  }
}
